
Microsoft Visual Studio Solution File, Format Version 12.00
# Visual Studio Version 16
VisualStudioVersion = 16.0.30907.101
MinimumVisualStudioVersion = 10.0.40219.1
Project("{8BC9CEB8-8B4A-11D0-8D11-00A0C91BC942}") = "ch01_multple01", "Algorithm\Algorithm.vcxproj", "{CF423724-B3BC-4DEB-B45A-B6B220EA5C76}"
EndProject
Project("{8BC9CEB8-8B4A-11D0-8D11-00A0C91BC942}") = "ch01_multiple02", "ch01_multiple02\ch01_multiple02.vcxproj", "{8779ED05-0B6D-4DE6-8A45-FD681587EA99}"
EndProject
Project("{8BC9CEB8-8B4A-11D0-8D11-00A0C91BC942}") = "TimeChecker", "TimeChecker\TimeChecker.vcxproj", "{B3A55005-72AD-4F28-B88C-DCDAC1799DB3}"
EndProject
Project("{8BC9CEB8-8B4A-11D0-8D11-00A0C91BC942}") = "ch01_Karatsuba_alg", "ch01_Karatsuba_alg\ch01_Karatsuba_alg.vcxproj", "{2B22CE15-8F74-40DD-8444-66AAA8E2739C}"
EndProject
Project("{8BC9CEB8-8B4A-11D0-8D11-00A0C91BC942}") = "PracticeBoard", "PracticeBoard\PracticeBoard.vcxproj", "{60BF719E-4EE6-4995-8AB8-033B58124900}"
EndProject
Project("{8BC9CEB8-8B4A-11D0-8D11-00A0C91BC942}") = "ch02_Maze_alg", "ch02_Maze_alg\ch02_Maze_alg.vcxproj", "{07D8265B-45EA-4F4F-9C67-F9D46FB88456}"
EndProject
Project("{8BC9CEB8-8B4A-11D0-8D11-00A0C91BC942}") = "ch03_hanoi", "ch03_hanoi\ch03_hanoi.vcxproj", "{3078C498-98D0-489F-AEB2-AD54B977E31E}"
EndProject
Project("{8BC9CEB8-8B4A-11D0-8D11-00A0C91BC942}") = "ch04_regionfill", "ch04_regionfill\ch04_regionfill.vcxproj", "{3E0F14AE-405A-424B-9DD1-BACBE6259132}"
EndProject
Project("{8BC9CEB8-8B4A-11D0-8D11-00A0C91BC942}") = "ch04_Graph", "ch04_Graph\ch04_Graph.vcxproj", "{BC962DCA-4912-4B2E-8B23-C11C608D237C}"
EndProject
Project("{8BC9CEB8-8B4A-11D0-8D11-00A0C91BC942}") = "ch05_DFS", "ch05_DFS\ch05_DFS.vcxproj", "{89A6ECAB-D373-4F45-B396-238BB4E8B9CF}"
EndProject
Project("{8BC9CEB8-8B4A-11D0-8D11-00A0C91BC942}") = "ch06_BFS", "ch06_BFS\ch06_BFS.vcxproj", "{F2D65463-FA56-4292-B9E0-6E55FB24F67A}"
EndProject
Project("{8BC9CEB8-8B4A-11D0-8D11-00A0C91BC942}") = "ch06_biconnectivity", "ch06_biconnectivity\ch06_biconnectivity.vcxproj", "{A5654B38-0DAE-4FF7-A558-353E5716E3EB}"
EndProject
Project("{8BC9CEB8-8B4A-11D0-8D11-00A0C91BC942}") = "ch07_heap", "ch07_heap\ch07_heap.vcxproj", "{6205C941-95E0-4337-AF6A-B3815D3E3EC3}"
EndProject
Project("{8BC9CEB8-8B4A-11D0-8D11-00A0C91BC942}") = "ch07_PFS", "ch07\ch07.vcxproj", "{6C6C6BE3-2FF1-491B-9196-1E38785949F9}"
EndProject
Project("{8BC9CEB8-8B4A-11D0-8D11-00A0C91BC942}") = "ch08_Midterm", "Midterm\Midterm.vcxproj", "{6B0481C6-0747-4263-B4B7-94C1AAC1FAAD}"
EndProject
Project("{8BC9CEB8-8B4A-11D0-8D11-00A0C91BC942}") = "ch09_Kruskal", "ch09_Kruskal\ch09_Kruskal.vcxproj", "{D3EE79D1-F278-43B7-852C-D91D5EE734A5}"
EndProject
Project("{8BC9CEB8-8B4A-11D0-8D11-00A0C91BC942}") = "ch10_ShortestPath", "ch10_Shortest\ch10_Shortest.vcxproj", "{F294F0C5-3942-48C0-BFD5-AE0D24BC2C4E}"
EndProject
Project("{8BC9CEB8-8B4A-11D0-8D11-00A0C91BC942}") = "ch10_Dijkstra", "ch10_Dijkstra\ch10_Dijkstra.vcxproj", "{B97C4D21-3123-4FB9-B408-4545CFD0CA93}"
EndProject
Project("{8BC9CEB8-8B4A-11D0-8D11-00A0C91BC942}") = "ch10_Direct_Graph01", "ch10_Direct_Graph01\ch10_Direct_Graph01.vcxproj", "{19414B60-7E53-4BA7-BAD9-48E7A64EDD37}"
EndProject
Project("{8BC9CEB8-8B4A-11D0-8D11-00A0C91BC942}") = "ch11_Floyd", "ch11_Floyd\ch11_Floyd.vcxproj", "{D3A96EBC-C820-43EC-9DE8-9382C06246FE}"
EndProject
Project("{8BC9CEB8-8B4A-11D0-8D11-00A0C91BC942}") = "ch11_TopologicalSolt", "ch11_TopologicalSolt\ch11_TopologicalSolt.vcxproj", "{9D299CB8-49E4-4D98-85F1-A1BA2B22027D}"
EndProject
Project("{8BC9CEB8-8B4A-11D0-8D11-00A0C91BC942}") = "ch11_Strongly", "ch11_Strongly\ch11_Strongly.vcxproj", "{6B6DBCC9-F2A6-48B7-8630-00B08C8419E2}"
EndProject
Project("{8BC9CEB8-8B4A-11D0-8D11-00A0C91BC942}") = "ch12_Network", "ch12_Network\ch12_Network.vcxproj", "{9FB9D86B-F4AD-4837-BC5A-C10DE2760D17}"
EndProject
Project("{8BC9CEB8-8B4A-11D0-8D11-00A0C91BC942}") = "ch13_Ford_Fulkerson", "ch13_Ford_Fulkerson\ch13_Ford_Fulkerson.vcxproj", "{F26193F3-0E40-4965-B887-A289B1CB99AB}"
EndProject
Project("{8BC9CEB8-8B4A-11D0-8D11-00A0C91BC942}") = "ch14_OpenCV01", "ch14_OpenCV01\ch14_OpenCV01.vcxproj", "{2FE075A2-25F4-4A53-9572-D9736C8DF49E}"
EndProject
Project("{8BC9CEB8-8B4A-11D0-8D11-00A0C91BC942}") = "Final", "Final\Final.vcxproj", "{EFCFD04B-3CE4-447A-A708-B709E984FDFD}"
EndProject
Global
	GlobalSection(SolutionConfigurationPlatforms) = preSolution
		Debug|x64 = Debug|x64
		Debug|x86 = Debug|x86
		Release|x64 = Release|x64
		Release|x86 = Release|x86
	EndGlobalSection
	GlobalSection(ProjectConfigurationPlatforms) = postSolution
		{CF423724-B3BC-4DEB-B45A-B6B220EA5C76}.Debug|x64.ActiveCfg = Debug|x64
		{CF423724-B3BC-4DEB-B45A-B6B220EA5C76}.Debug|x64.Build.0 = Debug|x64
		{CF423724-B3BC-4DEB-B45A-B6B220EA5C76}.Debug|x86.ActiveCfg = Debug|Win32
		{CF423724-B3BC-4DEB-B45A-B6B220EA5C76}.Debug|x86.Build.0 = Debug|Win32
		{CF423724-B3BC-4DEB-B45A-B6B220EA5C76}.Release|x64.ActiveCfg = Release|x64
		{CF423724-B3BC-4DEB-B45A-B6B220EA5C76}.Release|x64.Build.0 = Release|x64
		{CF423724-B3BC-4DEB-B45A-B6B220EA5C76}.Release|x86.ActiveCfg = Release|Win32
		{CF423724-B3BC-4DEB-B45A-B6B220EA5C76}.Release|x86.Build.0 = Release|Win32
		{8779ED05-0B6D-4DE6-8A45-FD681587EA99}.Debug|x64.ActiveCfg = Debug|x64
		{8779ED05-0B6D-4DE6-8A45-FD681587EA99}.Debug|x64.Build.0 = Debug|x64
		{8779ED05-0B6D-4DE6-8A45-FD681587EA99}.Debug|x86.ActiveCfg = Debug|Win32
		{8779ED05-0B6D-4DE6-8A45-FD681587EA99}.Debug|x86.Build.0 = Debug|Win32
		{8779ED05-0B6D-4DE6-8A45-FD681587EA99}.Release|x64.ActiveCfg = Release|x64
		{8779ED05-0B6D-4DE6-8A45-FD681587EA99}.Release|x64.Build.0 = Release|x64
		{8779ED05-0B6D-4DE6-8A45-FD681587EA99}.Release|x86.ActiveCfg = Release|Win32
		{8779ED05-0B6D-4DE6-8A45-FD681587EA99}.Release|x86.Build.0 = Release|Win32
		{B3A55005-72AD-4F28-B88C-DCDAC1799DB3}.Debug|x64.ActiveCfg = Debug|x64
		{B3A55005-72AD-4F28-B88C-DCDAC1799DB3}.Debug|x64.Build.0 = Debug|x64
		{B3A55005-72AD-4F28-B88C-DCDAC1799DB3}.Debug|x86.ActiveCfg = Debug|Win32
		{B3A55005-72AD-4F28-B88C-DCDAC1799DB3}.Debug|x86.Build.0 = Debug|Win32
		{B3A55005-72AD-4F28-B88C-DCDAC1799DB3}.Release|x64.ActiveCfg = Release|x64
		{B3A55005-72AD-4F28-B88C-DCDAC1799DB3}.Release|x64.Build.0 = Release|x64
		{B3A55005-72AD-4F28-B88C-DCDAC1799DB3}.Release|x86.ActiveCfg = Release|Win32
		{B3A55005-72AD-4F28-B88C-DCDAC1799DB3}.Release|x86.Build.0 = Release|Win32
		{2B22CE15-8F74-40DD-8444-66AAA8E2739C}.Debug|x64.ActiveCfg = Debug|x64
		{2B22CE15-8F74-40DD-8444-66AAA8E2739C}.Debug|x64.Build.0 = Debug|x64
		{2B22CE15-8F74-40DD-8444-66AAA8E2739C}.Debug|x86.ActiveCfg = Debug|Win32
		{2B22CE15-8F74-40DD-8444-66AAA8E2739C}.Debug|x86.Build.0 = Debug|Win32
		{2B22CE15-8F74-40DD-8444-66AAA8E2739C}.Release|x64.ActiveCfg = Release|x64
		{2B22CE15-8F74-40DD-8444-66AAA8E2739C}.Release|x64.Build.0 = Release|x64
		{2B22CE15-8F74-40DD-8444-66AAA8E2739C}.Release|x86.ActiveCfg = Release|Win32
		{2B22CE15-8F74-40DD-8444-66AAA8E2739C}.Release|x86.Build.0 = Release|Win32
		{60BF719E-4EE6-4995-8AB8-033B58124900}.Debug|x64.ActiveCfg = Debug|x64
		{60BF719E-4EE6-4995-8AB8-033B58124900}.Debug|x64.Build.0 = Debug|x64
		{60BF719E-4EE6-4995-8AB8-033B58124900}.Debug|x86.ActiveCfg = Debug|Win32
		{60BF719E-4EE6-4995-8AB8-033B58124900}.Debug|x86.Build.0 = Debug|Win32
		{60BF719E-4EE6-4995-8AB8-033B58124900}.Release|x64.ActiveCfg = Release|x64
		{60BF719E-4EE6-4995-8AB8-033B58124900}.Release|x64.Build.0 = Release|x64
		{60BF719E-4EE6-4995-8AB8-033B58124900}.Release|x86.ActiveCfg = Release|Win32
		{60BF719E-4EE6-4995-8AB8-033B58124900}.Release|x86.Build.0 = Release|Win32
		{07D8265B-45EA-4F4F-9C67-F9D46FB88456}.Debug|x64.ActiveCfg = Debug|x64
		{07D8265B-45EA-4F4F-9C67-F9D46FB88456}.Debug|x64.Build.0 = Debug|x64
		{07D8265B-45EA-4F4F-9C67-F9D46FB88456}.Debug|x86.ActiveCfg = Debug|Win32
		{07D8265B-45EA-4F4F-9C67-F9D46FB88456}.Debug|x86.Build.0 = Debug|Win32
		{07D8265B-45EA-4F4F-9C67-F9D46FB88456}.Release|x64.ActiveCfg = Release|x64
		{07D8265B-45EA-4F4F-9C67-F9D46FB88456}.Release|x64.Build.0 = Release|x64
		{07D8265B-45EA-4F4F-9C67-F9D46FB88456}.Release|x86.ActiveCfg = Release|Win32
		{07D8265B-45EA-4F4F-9C67-F9D46FB88456}.Release|x86.Build.0 = Release|Win32
		{3078C498-98D0-489F-AEB2-AD54B977E31E}.Debug|x64.ActiveCfg = Debug|x64
		{3078C498-98D0-489F-AEB2-AD54B977E31E}.Debug|x64.Build.0 = Debug|x64
		{3078C498-98D0-489F-AEB2-AD54B977E31E}.Debug|x86.ActiveCfg = Debug|Win32
		{3078C498-98D0-489F-AEB2-AD54B977E31E}.Debug|x86.Build.0 = Debug|Win32
		{3078C498-98D0-489F-AEB2-AD54B977E31E}.Release|x64.ActiveCfg = Release|x64
		{3078C498-98D0-489F-AEB2-AD54B977E31E}.Release|x64.Build.0 = Release|x64
		{3078C498-98D0-489F-AEB2-AD54B977E31E}.Release|x86.ActiveCfg = Release|Win32
		{3078C498-98D0-489F-AEB2-AD54B977E31E}.Release|x86.Build.0 = Release|Win32
		{3E0F14AE-405A-424B-9DD1-BACBE6259132}.Debug|x64.ActiveCfg = Debug|x64
		{3E0F14AE-405A-424B-9DD1-BACBE6259132}.Debug|x64.Build.0 = Debug|x64
		{3E0F14AE-405A-424B-9DD1-BACBE6259132}.Debug|x86.ActiveCfg = Debug|Win32
		{3E0F14AE-405A-424B-9DD1-BACBE6259132}.Debug|x86.Build.0 = Debug|Win32
		{3E0F14AE-405A-424B-9DD1-BACBE6259132}.Release|x64.ActiveCfg = Release|x64
		{3E0F14AE-405A-424B-9DD1-BACBE6259132}.Release|x64.Build.0 = Release|x64
		{3E0F14AE-405A-424B-9DD1-BACBE6259132}.Release|x86.ActiveCfg = Release|Win32
		{3E0F14AE-405A-424B-9DD1-BACBE6259132}.Release|x86.Build.0 = Release|Win32
		{BC962DCA-4912-4B2E-8B23-C11C608D237C}.Debug|x64.ActiveCfg = Debug|x64
		{BC962DCA-4912-4B2E-8B23-C11C608D237C}.Debug|x64.Build.0 = Debug|x64
		{BC962DCA-4912-4B2E-8B23-C11C608D237C}.Debug|x86.ActiveCfg = Debug|Win32
		{BC962DCA-4912-4B2E-8B23-C11C608D237C}.Debug|x86.Build.0 = Debug|Win32
		{BC962DCA-4912-4B2E-8B23-C11C608D237C}.Release|x64.ActiveCfg = Release|x64
		{BC962DCA-4912-4B2E-8B23-C11C608D237C}.Release|x64.Build.0 = Release|x64
		{BC962DCA-4912-4B2E-8B23-C11C608D237C}.Release|x86.ActiveCfg = Release|Win32
		{BC962DCA-4912-4B2E-8B23-C11C608D237C}.Release|x86.Build.0 = Release|Win32
		{89A6ECAB-D373-4F45-B396-238BB4E8B9CF}.Debug|x64.ActiveCfg = Debug|x64
		{89A6ECAB-D373-4F45-B396-238BB4E8B9CF}.Debug|x64.Build.0 = Debug|x64
		{89A6ECAB-D373-4F45-B396-238BB4E8B9CF}.Debug|x86.ActiveCfg = Debug|Win32
		{89A6ECAB-D373-4F45-B396-238BB4E8B9CF}.Debug|x86.Build.0 = Debug|Win32
		{89A6ECAB-D373-4F45-B396-238BB4E8B9CF}.Release|x64.ActiveCfg = Release|x64
		{89A6ECAB-D373-4F45-B396-238BB4E8B9CF}.Release|x64.Build.0 = Release|x64
		{89A6ECAB-D373-4F45-B396-238BB4E8B9CF}.Release|x86.ActiveCfg = Release|Win32
		{89A6ECAB-D373-4F45-B396-238BB4E8B9CF}.Release|x86.Build.0 = Release|Win32
		{F2D65463-FA56-4292-B9E0-6E55FB24F67A}.Debug|x64.ActiveCfg = Debug|x64
		{F2D65463-FA56-4292-B9E0-6E55FB24F67A}.Debug|x64.Build.0 = Debug|x64
		{F2D65463-FA56-4292-B9E0-6E55FB24F67A}.Debug|x86.ActiveCfg = Debug|Win32
		{F2D65463-FA56-4292-B9E0-6E55FB24F67A}.Debug|x86.Build.0 = Debug|Win32
		{F2D65463-FA56-4292-B9E0-6E55FB24F67A}.Release|x64.ActiveCfg = Release|x64
		{F2D65463-FA56-4292-B9E0-6E55FB24F67A}.Release|x64.Build.0 = Release|x64
		{F2D65463-FA56-4292-B9E0-6E55FB24F67A}.Release|x86.ActiveCfg = Release|Win32
		{F2D65463-FA56-4292-B9E0-6E55FB24F67A}.Release|x86.Build.0 = Release|Win32
		{A5654B38-0DAE-4FF7-A558-353E5716E3EB}.Debug|x64.ActiveCfg = Debug|x64
		{A5654B38-0DAE-4FF7-A558-353E5716E3EB}.Debug|x64.Build.0 = Debug|x64
		{A5654B38-0DAE-4FF7-A558-353E5716E3EB}.Debug|x86.ActiveCfg = Debug|Win32
		{A5654B38-0DAE-4FF7-A558-353E5716E3EB}.Debug|x86.Build.0 = Debug|Win32
		{A5654B38-0DAE-4FF7-A558-353E5716E3EB}.Release|x64.ActiveCfg = Release|x64
		{A5654B38-0DAE-4FF7-A558-353E5716E3EB}.Release|x64.Build.0 = Release|x64
		{A5654B38-0DAE-4FF7-A558-353E5716E3EB}.Release|x86.ActiveCfg = Release|Win32
		{A5654B38-0DAE-4FF7-A558-353E5716E3EB}.Release|x86.Build.0 = Release|Win32
		{6205C941-95E0-4337-AF6A-B3815D3E3EC3}.Debug|x64.ActiveCfg = Debug|x64
		{6205C941-95E0-4337-AF6A-B3815D3E3EC3}.Debug|x64.Build.0 = Debug|x64
		{6205C941-95E0-4337-AF6A-B3815D3E3EC3}.Debug|x86.ActiveCfg = Debug|Win32
		{6205C941-95E0-4337-AF6A-B3815D3E3EC3}.Debug|x86.Build.0 = Debug|Win32
		{6205C941-95E0-4337-AF6A-B3815D3E3EC3}.Release|x64.ActiveCfg = Release|x64
		{6205C941-95E0-4337-AF6A-B3815D3E3EC3}.Release|x64.Build.0 = Release|x64
		{6205C941-95E0-4337-AF6A-B3815D3E3EC3}.Release|x86.ActiveCfg = Release|Win32
		{6205C941-95E0-4337-AF6A-B3815D3E3EC3}.Release|x86.Build.0 = Release|Win32
		{6C6C6BE3-2FF1-491B-9196-1E38785949F9}.Debug|x64.ActiveCfg = Debug|x64
		{6C6C6BE3-2FF1-491B-9196-1E38785949F9}.Debug|x64.Build.0 = Debug|x64
		{6C6C6BE3-2FF1-491B-9196-1E38785949F9}.Debug|x86.ActiveCfg = Debug|Win32
		{6C6C6BE3-2FF1-491B-9196-1E38785949F9}.Debug|x86.Build.0 = Debug|Win32
		{6C6C6BE3-2FF1-491B-9196-1E38785949F9}.Release|x64.ActiveCfg = Release|x64
		{6C6C6BE3-2FF1-491B-9196-1E38785949F9}.Release|x64.Build.0 = Release|x64
		{6C6C6BE3-2FF1-491B-9196-1E38785949F9}.Release|x86.ActiveCfg = Release|Win32
		{6C6C6BE3-2FF1-491B-9196-1E38785949F9}.Release|x86.Build.0 = Release|Win32
		{6B0481C6-0747-4263-B4B7-94C1AAC1FAAD}.Debug|x64.ActiveCfg = Debug|x64
		{6B0481C6-0747-4263-B4B7-94C1AAC1FAAD}.Debug|x64.Build.0 = Debug|x64
		{6B0481C6-0747-4263-B4B7-94C1AAC1FAAD}.Debug|x86.ActiveCfg = Debug|Win32
		{6B0481C6-0747-4263-B4B7-94C1AAC1FAAD}.Debug|x86.Build.0 = Debug|Win32
		{6B0481C6-0747-4263-B4B7-94C1AAC1FAAD}.Release|x64.ActiveCfg = Release|x64
		{6B0481C6-0747-4263-B4B7-94C1AAC1FAAD}.Release|x64.Build.0 = Release|x64
		{6B0481C6-0747-4263-B4B7-94C1AAC1FAAD}.Release|x86.ActiveCfg = Release|Win32
		{6B0481C6-0747-4263-B4B7-94C1AAC1FAAD}.Release|x86.Build.0 = Release|Win32
		{D3EE79D1-F278-43B7-852C-D91D5EE734A5}.Debug|x64.ActiveCfg = Debug|x64
		{D3EE79D1-F278-43B7-852C-D91D5EE734A5}.Debug|x64.Build.0 = Debug|x64
		{D3EE79D1-F278-43B7-852C-D91D5EE734A5}.Debug|x86.ActiveCfg = Debug|Win32
		{D3EE79D1-F278-43B7-852C-D91D5EE734A5}.Debug|x86.Build.0 = Debug|Win32
		{D3EE79D1-F278-43B7-852C-D91D5EE734A5}.Release|x64.ActiveCfg = Release|x64
		{D3EE79D1-F278-43B7-852C-D91D5EE734A5}.Release|x64.Build.0 = Release|x64
		{D3EE79D1-F278-43B7-852C-D91D5EE734A5}.Release|x86.ActiveCfg = Release|Win32
		{D3EE79D1-F278-43B7-852C-D91D5EE734A5}.Release|x86.Build.0 = Release|Win32
		{F294F0C5-3942-48C0-BFD5-AE0D24BC2C4E}.Debug|x64.ActiveCfg = Debug|x64
		{F294F0C5-3942-48C0-BFD5-AE0D24BC2C4E}.Debug|x64.Build.0 = Debug|x64
		{F294F0C5-3942-48C0-BFD5-AE0D24BC2C4E}.Debug|x86.ActiveCfg = Debug|Win32
		{F294F0C5-3942-48C0-BFD5-AE0D24BC2C4E}.Debug|x86.Build.0 = Debug|Win32
		{F294F0C5-3942-48C0-BFD5-AE0D24BC2C4E}.Release|x64.ActiveCfg = Release|x64
		{F294F0C5-3942-48C0-BFD5-AE0D24BC2C4E}.Release|x64.Build.0 = Release|x64
		{F294F0C5-3942-48C0-BFD5-AE0D24BC2C4E}.Release|x86.ActiveCfg = Release|Win32
		{F294F0C5-3942-48C0-BFD5-AE0D24BC2C4E}.Release|x86.Build.0 = Release|Win32
		{B97C4D21-3123-4FB9-B408-4545CFD0CA93}.Debug|x64.ActiveCfg = Debug|x64
		{B97C4D21-3123-4FB9-B408-4545CFD0CA93}.Debug|x64.Build.0 = Debug|x64
		{B97C4D21-3123-4FB9-B408-4545CFD0CA93}.Debug|x86.ActiveCfg = Debug|Win32
		{B97C4D21-3123-4FB9-B408-4545CFD0CA93}.Debug|x86.Build.0 = Debug|Win32
		{B97C4D21-3123-4FB9-B408-4545CFD0CA93}.Release|x64.ActiveCfg = Release|x64
		{B97C4D21-3123-4FB9-B408-4545CFD0CA93}.Release|x64.Build.0 = Release|x64
		{B97C4D21-3123-4FB9-B408-4545CFD0CA93}.Release|x86.ActiveCfg = Release|Win32
		{B97C4D21-3123-4FB9-B408-4545CFD0CA93}.Release|x86.Build.0 = Release|Win32
		{19414B60-7E53-4BA7-BAD9-48E7A64EDD37}.Debug|x64.ActiveCfg = Debug|x64
		{19414B60-7E53-4BA7-BAD9-48E7A64EDD37}.Debug|x64.Build.0 = Debug|x64
		{19414B60-7E53-4BA7-BAD9-48E7A64EDD37}.Debug|x86.ActiveCfg = Debug|Win32
		{19414B60-7E53-4BA7-BAD9-48E7A64EDD37}.Debug|x86.Build.0 = Debug|Win32
		{19414B60-7E53-4BA7-BAD9-48E7A64EDD37}.Release|x64.ActiveCfg = Release|x64
		{19414B60-7E53-4BA7-BAD9-48E7A64EDD37}.Release|x64.Build.0 = Release|x64
		{19414B60-7E53-4BA7-BAD9-48E7A64EDD37}.Release|x86.ActiveCfg = Release|Win32
		{19414B60-7E53-4BA7-BAD9-48E7A64EDD37}.Release|x86.Build.0 = Release|Win32
		{D3A96EBC-C820-43EC-9DE8-9382C06246FE}.Debug|x64.ActiveCfg = Debug|x64
		{D3A96EBC-C820-43EC-9DE8-9382C06246FE}.Debug|x64.Build.0 = Debug|x64
		{D3A96EBC-C820-43EC-9DE8-9382C06246FE}.Debug|x86.ActiveCfg = Debug|Win32
		{D3A96EBC-C820-43EC-9DE8-9382C06246FE}.Debug|x86.Build.0 = Debug|Win32
		{D3A96EBC-C820-43EC-9DE8-9382C06246FE}.Release|x64.ActiveCfg = Release|x64
		{D3A96EBC-C820-43EC-9DE8-9382C06246FE}.Release|x64.Build.0 = Release|x64
		{D3A96EBC-C820-43EC-9DE8-9382C06246FE}.Release|x86.ActiveCfg = Release|Win32
		{D3A96EBC-C820-43EC-9DE8-9382C06246FE}.Release|x86.Build.0 = Release|Win32
		{9D299CB8-49E4-4D98-85F1-A1BA2B22027D}.Debug|x64.ActiveCfg = Debug|x64
		{9D299CB8-49E4-4D98-85F1-A1BA2B22027D}.Debug|x64.Build.0 = Debug|x64
		{9D299CB8-49E4-4D98-85F1-A1BA2B22027D}.Debug|x86.ActiveCfg = Debug|Win32
		{9D299CB8-49E4-4D98-85F1-A1BA2B22027D}.Debug|x86.Build.0 = Debug|Win32
		{9D299CB8-49E4-4D98-85F1-A1BA2B22027D}.Release|x64.ActiveCfg = Release|x64
		{9D299CB8-49E4-4D98-85F1-A1BA2B22027D}.Release|x64.Build.0 = Release|x64
		{9D299CB8-49E4-4D98-85F1-A1BA2B22027D}.Release|x86.ActiveCfg = Release|Win32
		{9D299CB8-49E4-4D98-85F1-A1BA2B22027D}.Release|x86.Build.0 = Release|Win32
		{6B6DBCC9-F2A6-48B7-8630-00B08C8419E2}.Debug|x64.ActiveCfg = Debug|x64
		{6B6DBCC9-F2A6-48B7-8630-00B08C8419E2}.Debug|x64.Build.0 = Debug|x64
		{6B6DBCC9-F2A6-48B7-8630-00B08C8419E2}.Debug|x86.ActiveCfg = Debug|Win32
		{6B6DBCC9-F2A6-48B7-8630-00B08C8419E2}.Debug|x86.Build.0 = Debug|Win32
		{6B6DBCC9-F2A6-48B7-8630-00B08C8419E2}.Release|x64.ActiveCfg = Release|x64
		{6B6DBCC9-F2A6-48B7-8630-00B08C8419E2}.Release|x64.Build.0 = Release|x64
		{6B6DBCC9-F2A6-48B7-8630-00B08C8419E2}.Release|x86.ActiveCfg = Release|Win32
		{6B6DBCC9-F2A6-48B7-8630-00B08C8419E2}.Release|x86.Build.0 = Release|Win32
		{9FB9D86B-F4AD-4837-BC5A-C10DE2760D17}.Debug|x64.ActiveCfg = Debug|x64
		{9FB9D86B-F4AD-4837-BC5A-C10DE2760D17}.Debug|x64.Build.0 = Debug|x64
		{9FB9D86B-F4AD-4837-BC5A-C10DE2760D17}.Debug|x86.ActiveCfg = Debug|Win32
		{9FB9D86B-F4AD-4837-BC5A-C10DE2760D17}.Debug|x86.Build.0 = Debug|Win32
		{9FB9D86B-F4AD-4837-BC5A-C10DE2760D17}.Release|x64.ActiveCfg = Release|x64
		{9FB9D86B-F4AD-4837-BC5A-C10DE2760D17}.Release|x64.Build.0 = Release|x64
		{9FB9D86B-F4AD-4837-BC5A-C10DE2760D17}.Release|x86.ActiveCfg = Release|Win32
		{9FB9D86B-F4AD-4837-BC5A-C10DE2760D17}.Release|x86.Build.0 = Release|Win32
		{F26193F3-0E40-4965-B887-A289B1CB99AB}.Debug|x64.ActiveCfg = Debug|x64
		{F26193F3-0E40-4965-B887-A289B1CB99AB}.Debug|x64.Build.0 = Debug|x64
		{F26193F3-0E40-4965-B887-A289B1CB99AB}.Debug|x86.ActiveCfg = Debug|Win32
		{F26193F3-0E40-4965-B887-A289B1CB99AB}.Debug|x86.Build.0 = Debug|Win32
		{F26193F3-0E40-4965-B887-A289B1CB99AB}.Release|x64.ActiveCfg = Release|x64
		{F26193F3-0E40-4965-B887-A289B1CB99AB}.Release|x64.Build.0 = Release|x64
		{F26193F3-0E40-4965-B887-A289B1CB99AB}.Release|x86.ActiveCfg = Release|Win32
		{F26193F3-0E40-4965-B887-A289B1CB99AB}.Release|x86.Build.0 = Release|Win32
		{2FE075A2-25F4-4A53-9572-D9736C8DF49E}.Debug|x64.ActiveCfg = Debug|x64
		{2FE075A2-25F4-4A53-9572-D9736C8DF49E}.Debug|x64.Build.0 = Debug|x64
		{2FE075A2-25F4-4A53-9572-D9736C8DF49E}.Debug|x86.ActiveCfg = Debug|Win32
		{2FE075A2-25F4-4A53-9572-D9736C8DF49E}.Debug|x86.Build.0 = Debug|Win32
		{2FE075A2-25F4-4A53-9572-D9736C8DF49E}.Release|x64.ActiveCfg = Release|x64
		{2FE075A2-25F4-4A53-9572-D9736C8DF49E}.Release|x64.Build.0 = Release|x64
		{2FE075A2-25F4-4A53-9572-D9736C8DF49E}.Release|x86.ActiveCfg = Release|Win32
		{2FE075A2-25F4-4A53-9572-D9736C8DF49E}.Release|x86.Build.0 = Release|Win32
		{EFCFD04B-3CE4-447A-A708-B709E984FDFD}.Debug|x64.ActiveCfg = Debug|x64
		{EFCFD04B-3CE4-447A-A708-B709E984FDFD}.Debug|x64.Build.0 = Debug|x64
		{EFCFD04B-3CE4-447A-A708-B709E984FDFD}.Debug|x86.ActiveCfg = Debug|Win32
		{EFCFD04B-3CE4-447A-A708-B709E984FDFD}.Debug|x86.Build.0 = Debug|Win32
		{EFCFD04B-3CE4-447A-A708-B709E984FDFD}.Release|x64.ActiveCfg = Release|x64
		{EFCFD04B-3CE4-447A-A708-B709E984FDFD}.Release|x64.Build.0 = Release|x64
		{EFCFD04B-3CE4-447A-A708-B709E984FDFD}.Release|x86.ActiveCfg = Release|Win32
		{EFCFD04B-3CE4-447A-A708-B709E984FDFD}.Release|x86.Build.0 = Release|Win32
	EndGlobalSection
	GlobalSection(SolutionProperties) = preSolution
		HideSolutionNode = FALSE
	EndGlobalSection
	GlobalSection(ExtensibilityGlobals) = postSolution
		SolutionGuid = {8B0FD7B2-EE1B-48A8-B07B-6C60D8E9A095}
	EndGlobalSection
EndGlobal
